
Microsoft Visual Studio Solution File, Format Version 12.00
# Visual Studio Version 17
VisualStudioVersion = 17.14.36212.18 d17.14
MinimumVisualStudioVersion = 10.0.40219.1
Project("{FAE04EC0-301F-11D3-BF4B-00C04F79EFBC}") = "EmployeeAdminPortal", "EmployeeAdminPortal\EmployeeAdminPortal.csproj", "{B4C27AA3-0ACA-4AD3-BE6F-513890B07106}"
EndProject
Global
	GlobalSection(SolutionConfigurationPlatforms) = preSolution
		Debug|Any CPU = Debug|Any CPU
		Release|Any CPU = Release|Any CPU
	EndGlobalSection
	GlobalSection(ProjectConfigurationPlatforms) = postSolution
		{B4C27AA3-0ACA-4AD3-BE6F-513890B07106}.Debug|Any CPU.ActiveCfg = Debug|Any CPU
		{B4C27AA3-0ACA-4AD3-BE6F-513890B07106}.Debug|Any CPU.Build.0 = Debug|Any CPU
		{B4C27AA3-0ACA-4AD3-BE6F-513890B07106}.Release|Any CPU.ActiveCfg = Release|Any CPU
		{B4C27AA3-0ACA-4AD3-BE6F-513890B07106}.Release|Any CPU.Build.0 = Release|Any CPU
	EndGlobalSection
	GlobalSection(SolutionProperties) = preSolution
		HideSolutionNode = FALSE
	EndGlobalSection
	GlobalSection(ExtensibilityGlobals) = postSolution
		SolutionGuid = {4C5F8EFD-445C-4C41-AE49-10D1955755C1}
	EndGlobalSection
EndGlobal
